// !$*UTF8*$!
{
	archiveVersion = 1;
	classes = {
	};
	objectVersion = 48;
	objects = {

/* Begin PBXBuildFile section */
		8E1C85E720C6E00900124024 /* AppDelegate.swift in Sources */ = {isa = PBXBuildFile; fileRef = 8E1C85E620C6E00900124024 /* AppDelegate.swift */; };
		8E1C85E920C6E00900124024 /* ViewController.swift in Sources */ = {isa = PBXBuildFile; fileRef = 8E1C85E820C6E00900124024 /* ViewController.swift */; };
		8E1C85EC20C6E00900124024 /* Main.storyboard in Resources */ = {isa = PBXBuildFile; fileRef = 8E1C85EA20C6E00900124024 /* Main.storyboard */; };
		8E1C85EE20C6E00900124024 /* Assets.xcassets in Resources */ = {isa = PBXBuildFile; fileRef = 8E1C85ED20C6E00900124024 /* Assets.xcassets */; };
		8E1C85F120C6E00900124024 /* LaunchScreen.storyboard in Resources */ = {isa = PBXBuildFile; fileRef = 8E1C85EF20C6E00900124024 /* LaunchScreen.storyboard */; };
		8E1C85FC20C6E00900124024 /* swiftcountupTests.swift in Sources */ = {isa = PBXBuildFile; fileRef = 8E1C85FB20C6E00900124024 /* swiftcountupTests.swift */; };
		8E1C860720C6E00900124024 /* swiftcountupUITests.swift in Sources */ = {isa = PBXBuildFile; fileRef = 8E1C860620C6E00900124024 /* swiftcountupUITests.swift */; };
/* End PBXBuildFile section */

/* Begin PBXContainerItemProxy section */
		8E1C85F820C6E00900124024 /* PBXContainerItemProxy */ = {
			isa = PBXContainerItemProxy;
			containerPortal = 8E1C85DB20C6E00900124024 /* Project object */;
			proxyType = 1;
			remoteGlobalIDString = 8E1C85E220C6E00900124024;
			remoteInfo = swiftcountup;
		};
		8E1C860320C6E00900124024 /* PBXContainerItemProxy */ = {
			isa = PBXContainerItemProxy;
			containerPortal = 8E1C85DB20C6E00900124024 /* Project object */;
			proxyType = 1;
			remoteGlobalIDString = 8E1C85E220C6E00900124024;
			remoteInfo = swiftcountup;
		};
/* End PBXContainerItemProxy section */

/* Begin PBXFileReference section */
		8E1C85E320C6E00900124024 /* swiftcountup.app */ = {isa = PBXFileReference; explicitFileType = wrapper.application; includeInIndex = 0; path = swiftcountup.app; sourceTree = BUILT_PRODUCTS_DIR; };
		8E1C85E620C6E00900124024 /* AppDelegate.swift */ = {isa = PBXFileReference; lastKnownFileType = sourcecode.swift; path = AppDelegate.swift; sourceTree = "<group>"; };
		8E1C85E820C6E00900124024 /* ViewController.swift */ = {isa = PBXFileReference; lastKnownFileType = sourcecode.swift; path = ViewController.swift; sourceTree = "<group>"; };
		8E1C85EB20C6E00900124024 /* Base */ = {isa = PBXFileReference; lastKnownFileType = file.storyboard; name = Base; path = Base.lproj/Main.storyboard; sourceTree = "<group>"; };
		8E1C85ED20C6E00900124024 /* Assets.xcassets */ = {isa = PBXFileReference; lastKnownFileType = folder.assetcatalog; path = Assets.xcassets; sourceTree = "<group>"; };
		8E1C85F020C6E00900124024 /* Base */ = {isa = PBXFileReference; lastKnownFileType = file.storyboard; name = Base; path = Base.lproj/LaunchScreen.storyboard; sourceTree = "<group>"; };
		8E1C85F220C6E00900124024 /* Info.plist */ = {isa = PBXFileReference; lastKnownFileType = text.plist.xml; path = Info.plist; sourceTree = "<group>"; };
		8E1C85F720C6E00900124024 /* swiftcountupTests.xctest */ = {isa = PBXFileReference; explicitFileType = wrapper.cfbundle; includeInIndex = 0; path = swiftcountupTests.xctest; sourceTree = BUILT_PRODUCTS_DIR; };
		8E1C85FB20C6E00900124024 /* swiftcountupTests.swift */ = {isa = PBXFileReference; lastKnownFileType = sourcecode.swift; path = swiftcountupTests.swift; sourceTree = "<group>"; };
		8E1C85FD20C6E00900124024 /* Info.plist */ = {isa = PBXFileReference; lastKnownFileType = text.plist.xml; path = Info.plist; sourceTree = "<group>"; };
		8E1C860220C6E00900124024 /* swiftcountupUITests.xctest */ = {isa = PBXFileReference; explicitFileType = wrapper.cfbundle; includeInIndex = 0; path = swiftcountupUITests.xctest; sourceTree = BUILT_PRODUCTS_DIR; };
		8E1C860620C6E00900124024 /* swiftcountupUITests.swift */ = {isa = PBXFileReference; lastKnownFileType = sourcecode.swift; path = swiftcountupUITests.swift; sourceTree = "<group>"; };
		8E1C860820C6E00900124024 /* Info.plist */ = {isa = PBXFileReference; lastKnownFileType = text.plist.xml; path = Info.plist; sourceTree = "<group>"; };
/* End PBXFileReference section */

/* Begin PBXFrameworksBuildPhase section */
		8E1C85E020C6E00900124024 /* Frameworks */ = {
			isa = PBXFrameworksBuildPhase;
			buildActionMask = 2147483647;
			files = (
			);
			runOnlyForDeploymentPostprocessing = 0;
		};
		8E1C85F420C6E00900124024 /* Frameworks */ = {
			isa = PBXFrameworksBuildPhase;
			buildActionMask = 2147483647;
			files = (
			);
			runOnlyForDeploymentPostprocessing = 0;
		};
		8E1C85FF20C6E00900124024 /* Frameworks */ = {
			isa = PBXFrameworksBuildPhase;
			buildActionMask = 2147483647;
			files = (
			);
			runOnlyForDeploymentPostprocessing = 0;
		};
/* End PBXFrameworksBuildPhase section */

/* Begin PBXGroup section */
		8E1C85DA20C6E00900124024 = {
			isa = PBXGroup;
			children = (
				8E1C85E520C6E00900124024 /* swiftcountup */,
				8E1C85FA20C6E00900124024 /* swiftcountupTests */,
				8E1C860520C6E00900124024 /* swiftcountupUITests */,
				8E1C85E420C6E00900124024 /* Products */,
			);
			sourceTree = "<group>";
		};
		8E1C85E420C6E00900124024 /* Products */ = {
			isa = PBXGroup;
			children = (
				8E1C85E320C6E00900124024 /* swiftcountup.app */,
				8E1C85F720C6E00900124024 /* swiftcountupTests.xctest */,
				8E1C860220C6E00900124024 /* swiftcountupUITests.xctest */,
			);
			name = Products;
			sourceTree = "<group>";
		};
		8E1C85E520C6E00900124024 /* swiftcountup */ = {
			isa = PBXGroup;
			children = (
				8E1C85E620C6E00900124024 /* AppDelegate.swift */,
				8E1C85E820C6E00900124024 /* ViewController.swift */,
				8E1C85EA20C6E00900124024 /* Main.storyboard */,
				8E1C85ED20C6E00900124024 /* Assets.xcassets */,
				8E1C85EF20C6E00900124024 /* LaunchScreen.storyboard */,
				8E1C85F220C6E00900124024 /* Info.plist */,
			);
			path = swiftcountup;
			sourceTree = "<group>";
		};
		8E1C85FA20C6E00900124024 /* swiftcountupTests */ = {
			isa = PBXGroup;
			children = (
				8E1C85FB20C6E00900124024 /* swiftcountupTests.swift */,
				8E1C85FD20C6E00900124024 /* Info.plist */,
			);
			path = swiftcountupTests;
			sourceTree = "<group>";
		};
		8E1C860520C6E00900124024 /* swiftcountupUITests */ = {
			isa = PBXGroup;
			children = (
				8E1C860620C6E00900124024 /* swiftcountupUITests.swift */,
				8E1C860820C6E00900124024 /* Info.plist */,
			);
			path = swiftcountupUITests;
			sourceTree = "<group>";
		};
/* End PBXGroup section */

/* Begin PBXNativeTarget section */
		8E1C85E220C6E00900124024 /* swiftcountup */ = {
			isa = PBXNativeTarget;
			buildConfigurationList = 8E1C860B20C6E00900124024 /* Build configuration list for PBXNativeTarget "swiftcountup" */;
			buildPhases = (
				8E1C85DF20C6E00900124024 /* Sources */,
				8E1C85E020C6E00900124024 /* Frameworks */,
				8E1C85E120C6E00900124024 /* Resources */,
			);
			buildRules = (
			);
			dependencies = (
			);
			name = swiftcountup;
			productName = swiftcountup;
			productReference = 8E1C85E320C6E00900124024 /* swiftcountup.app */;
			productType = "com.apple.product-type.application";
		};
		8E1C85F620C6E00900124024 /* swiftcountupTests */ = {
			isa = PBXNativeTarget;
			buildConfigurationList = 8E1C860E20C6E00900124024 /* Build configuration list for PBXNativeTarget "swiftcountupTests" */;
			buildPhases = (
				8E1C85F320C6E00900124024 /* Sources */,
				8E1C85F420C6E00900124024 /* Frameworks */,
				8E1C85F520C6E00900124024 /* Resources */,
			);
			buildRules = (
			);
			dependencies = (
				8E1C85F920C6E00900124024 /* PBXTargetDependency */,
			);
			name = swiftcountupTests;
			productName = swiftcountupTests;
			productReference = 8E1C85F720C6E00900124024 /* swiftcountupTests.xctest */;
			productType = "com.apple.product-type.bundle.unit-test";
		};
		8E1C860120C6E00900124024 /* swiftcountupUITests */ = {
			isa = PBXNativeTarget;
			buildConfigurationList = 8E1C861120C6E00900124024 /* Build configuration list for PBXNativeTarget "swiftcountupUITests" */;
			buildPhases = (
				8E1C85FE20C6E00900124024 /* Sources */,
				8E1C85FF20C6E00900124024 /* Frameworks */,
				8E1C860020C6E00900124024 /* Resources */,
			);
			buildRules = (
			);
			dependencies = (
				8E1C860420C6E00900124024 /* PBXTargetDependency */,
			);
			name = swiftcountupUITests;
			productName = swiftcountupUITests;
			productReference = 8E1C860220C6E00900124024 /* swiftcountupUITests.xctest */;
			productType = "com.apple.product-type.bundle.ui-testing";
		};
/* End PBXNativeTarget section */

/* Begin PBXProject section */
		8E1C85DB20C6E00900124024 /* Project object */ = {
			isa = PBXProject;
			attributes = {
				LastSwiftUpdateCheck = 0920;
				LastUpgradeCheck = 0920;
				ORGANIZATIONNAME = "Naoya Taniguchi";
				TargetAttributes = {
					8E1C85E220C6E00900124024 = {
						CreatedOnToolsVersion = 9.2;
						ProvisioningStyle = Automatic;
					};
					8E1C85F620C6E00900124024 = {
						CreatedOnToolsVersion = 9.2;
						ProvisioningStyle = Automatic;
						TestTargetID = 8E1C85E220C6E00900124024;
					};
					8E1C860120C6E00900124024 = {
						CreatedOnToolsVersion = 9.2;
						ProvisioningStyle = Automatic;
						TestTargetID = 8E1C85E220C6E00900124024;
					};
				};
			};
			buildConfigurationList = 8E1C85DE20C6E00900124024 /* Build configuration list for PBXProject "swiftcountup" */;
			compatibilityVersion = "Xcode 8.0";
			developmentRegion = en;
			hasScannedForEncodings = 0;
			knownRegions = (
				en,
				Base,
			);
			mainGroup = 8E1C85DA20C6E00900124024;
			productRefGroup = 8E1C85E420C6E00900124024 /* Products */;
			projectDirPath = "";
			projectRoot = "";
			targets = (
				8E1C85E220C6E00900124024 /* swiftcountup */,
				8E1C85F620C6E00900124024 /* swiftcountupTests */,
				8E1C860120C6E00900124024 /* swiftcountupUITests */,
			);
		};
/* End PBXProject section */

/* Begin PBXResourcesBuildPhase section */
		8E1C85E120C6E00900124024 /* Resources */ = {
			isa = PBXResourcesBuildPhase;
			buildActionMask = 2147483647;
			files = (
				8E1C85F120C6E00900124024 /* LaunchScreen.storyboard in Resources */,
				8E1C85EE20C6E00900124024 /* Assets.xcassets in Resources */,
				8E1C85EC20C6E00900124024 /* Main.storyboard in Resources */,
			);
			runOnlyForDeploymentPostprocessing = 0;
		};
		8E1C85F520C6E00900124024 /* Resources */ = {
			isa = PBXResourcesBuildPhase;
			buildActionMask = 2147483647;
			files = (
			);
			runOnlyForDeploymentPostprocessing = 0;
		};
		8E1C860020C6E00900124024 /* Resources */ = {
			isa = PBXResourcesBuildPhase;
			buildActionMask = 2147483647;
			files = (
			);
			runOnlyForDeploymentPostprocessing = 0;
		};
/* End PBXResourcesBuildPhase section */

/* Begin PBXSourcesBuildPhase section */
		8E1C85DF20C6E00900124024 /* Sources */ = {
			isa = PBXSourcesBuildPhase;
			buildActionMask = 2147483647;
			files = (
				8E1C85E920C6E00900124024 /* ViewController.swift in Sources */,
				8E1C85E720C6E00900124024 /* AppDelegate.swift in Sources */,
			);
			runOnlyForDeploymentPostprocessing = 0;
		};
		8E1C85F320C6E00900124024 /* Sources */ = {
			isa = PBXSourcesBuildPhase;
			buildActionMask = 2147483647;
			files = (
				8E1C85FC20C6E00900124024 /* swiftcountupTests.swift in Sources */,
			);
			runOnlyForDeploymentPostprocessing = 0;
		};
		8E1C85FE20C6E00900124024 /* Sources */ = {
			isa = PBXSourcesBuildPhase;
			buildActionMask = 2147483647;
			files = (
				8E1C860720C6E00900124024 /* swiftcountupUITests.swift in Sources */,
			);
			runOnlyForDeploymentPostprocessing = 0;
		};
/* End PBXSourcesBuildPhase section */

/* Begin PBXTargetDependency section */
		8E1C85F920C6E00900124024 /* PBXTargetDependency */ = {
			isa = PBXTargetDependency;
			target = 8E1C85E220C6E00900124024 /* swiftcountup */;
			targetProxy = 8E1C85F820C6E00900124024 /* PBXContainerItemProxy */;
		};
		8E1C860420C6E00900124024 /* PBXTargetDependency */ = {
			isa = PBXTargetDependency;
			target = 8E1C85E220C6E00900124024 /* swiftcountup */;
			targetProxy = 8E1C860320C6E00900124024 /* PBXContainerItemProxy */;
		};
/* End PBXTargetDependency section */

/* Begin PBXVariantGroup section */
		8E1C85EA20C6E00900124024 /* Main.storyboard */ = {
			isa = PBXVariantGroup;
			children = (
				8E1C85EB20C6E00900124024 /* Base */,
			);
			name = Main.storyboard;
			sourceTree = "<group>";
		};
		8E1C85EF20C6E00900124024 /* LaunchScreen.storyboard */ = {
			isa = PBXVariantGroup;
			children = (
				8E1C85F020C6E00900124024 /* Base */,
			);
			name = LaunchScreen.storyboard;
			sourceTree = "<group>";
		};
/* End PBXVariantGroup section */

/* Begin XCBuildConfiguration section */
		8E1C860920C6E00900124024 /* Debug */ = {
			isa = XCBuildConfiguration;
			buildSettings = {
				ALWAYS_SEARCH_USER_PATHS = NO;
				CLANG_ANALYZER_NONNULL = YES;
				CLANG_ANALYZER_NUMBER_OBJECT_CONVERSION = YES_AGGRESSIVE;
				CLANG_CXX_LANGUAGE_STANDARD = "gnu++14";
				CLANG_CXX_LIBRARY = "libc++";
				CLANG_ENABLE_MODULES = YES;
				CLANG_ENABLE_OBJC_ARC = YES;
				CLANG_WARN_BLOCK_CAPTURE_AUTORELEASING = YES;
				CLANG_WARN_BOOL_CONVERSION = YES;
				CLANG_WARN_COMMA = YES;
				CLANG_WARN_CONSTANT_CONVERSION = YES;
				CLANG_WARN_DIRECT_OBJC_ISA_USAGE = YES_ERROR;
				CLANG_WARN_DOCUMENTATION_COMMENTS = YES;
				CLANG_WARN_EMPTY_BODY = YES;
				CLANG_WARN_ENUM_CONVERSION = YES;
				CLANG_WARN_INFINITE_RECURSION = YES;
				CLANG_WARN_INT_CONVERSION = YES;
				CLANG_WARN_NON_LITERAL_NULL_CONVERSION = YES;
				CLANG_WARN_OBJC_LITERAL_CONVERSION = YES;
				CLANG_WARN_OBJC_ROOT_CLASS = YES_ERROR;
				CLANG_WARN_RANGE_LOOP_ANALYSIS = YES;
				CLANG_WARN_STRICT_PROTOTYPES = YES;
				CLANG_WARN_SUSPICIOUS_MOVE = YES;
				CLANG_WARN_UNGUARDED_AVAILABILITY = YES_AGGRESSIVE;
				CLANG_WARN_UNREACHABLE_CODE = YES;
				CLANG_WARN__DUPLICATE_METHOD_MATCH = YES;
				CODE_SIGN_IDENTITY = "iPhone Developer";
				COPY_PHASE_STRIP = NO;
				DEBUG_INFORMATION_FORMAT = dwarf;
				ENABLE_STRICT_OBJC_MSGSEND = YES;
				ENABLE_TESTABILITY = YES;
				GCC_C_LANGUAGE_STANDARD = gnu11;
				GCC_DYNAMIC_NO_PIC = NO;
				GCC_NO_COMMON_BLOCKS = YES;
				GCC_OPTIMIZATION_LEVEL = 0;
				GCC_PREPROCESSOR_DEFINITIONS = (
					"DEBUG=1",
					"$(inherited)",
				);
				GCC_WARN_64_TO_32_BIT_CONVERSION = YES;
				GCC_WARN_ABOUT_RETURN_TYPE = YES_ERROR;
				GCC_WARN_UNDECLARED_SELECTOR = YES;
				GCC_WARN_UNINITIALIZED_AUTOS = YES_AGGRESSIVE;
				GCC_WARN_UNUSED_FUNCTION = YES;
				GCC_WARN_UNUSED_VARIABLE = YES;
				IPHONEOS_DEPLOYMENT_TARGET = 11.2;
				MTL_ENABLE_DEBUG_INFO = YES;
				ONLY_ACTIVE_ARCH = YES;
				SDKROOT = iphoneos;
				SWIFT_ACTIVE_COMPILATION_CONDITIONS = DEBUG;
				SWIFT_OPTIMIZATION_LEVEL = "-Onone";
			};
			name = Debug;
		};
		8E1C860A20C6E00900124024 /* Release */ = {
			isa = XCBuildConfiguration;
			buildSettings = {
				ALWAYS_SEARCH_USER_PATHS = NO;
				CLANG_ANALYZER_NONNULL = YES;
				CLANG_ANALYZER_NUMBER_OBJECT_CONVERSION = YES_AGGRESSIVE;
				CLANG_CXX_LANGUAGE_STANDARD = "gnu++14";
				CLANG_CXX_LIBRARY = "libc++";
				CLANG_ENABLE_MODULES = YES;
				CLANG_ENABLE_OBJC_ARC = YES;
				CLANG_WARN_BLOCK_CAPTURE_AUTORELEASING = YES;
				CLANG_WARN_BOOL_CONVERSION = YES;
				CLANG_WARN_COMMA = YES;
				CLANG_WARN_CONSTANT_CONVERSION = YES;
				CLANG_WARN_DIRECT_OBJC_ISA_USAGE = YES_ERROR;
				CLANG_WARN_DOCUMENTATION_COMMENTS = YES;
				CLANG_WARN_EMPTY_BODY = YES;
				CLANG_WARN_ENUM_CONVERSION = YES;
				CLANG_WARN_INFINITE_RECURSION = YES;
				CLANG_WARN_INT_CONVERSION = YES;
				CLANG_WARN_NON_LITERAL_NULL_CONVERSION = YES;
				CLANG_WARN_OBJC_LITERAL_CONVERSION = YES;
				CLANG_WARN_OBJC_ROOT_CLASS = YES_ERROR;
				CLANG_WARN_RANGE_LOOP_ANALYSIS = YES;
				CLANG_WARN_STRICT_PROTOTYPES = YES;
				CLANG_WARN_SUSPICIOUS_MOVE = YES;
				CLANG_WARN_UNGUARDED_AVAILABILITY = YES_AGGRESSIVE;
				CLANG_WARN_UNREACHABLE_CODE = YES;
				CLANG_WARN__DUPLICATE_METHOD_MATCH = YES;
				CODE_SIGN_IDENTITY = "iPhone Developer";
				COPY_PHASE_STRIP = NO;
				DEBUG_INFORMATION_FORMAT = "dwarf-with-dsym";
				ENABLE_NS_ASSERTIONS = NO;
				ENABLE_STRICT_OBJC_MSGSEND = YES;
				GCC_C_LANGUAGE_STANDARD = gnu11;
				GCC_NO_COMMON_BLOCKS = YES;
				GCC_WARN_64_TO_32_BIT_CONVERSION = YES;
				GCC_WARN_ABOUT_RETURN_TYPE = YES_ERROR;
				GCC_WARN_UNDECLARED_SELECTOR = YES;
				GCC_WARN_UNINITIALIZED_AUTOS = YES_AGGRESSIVE;
				GCC_WARN_UNUSED_FUNCTION = YES;
				GCC_WARN_UNUSED_VARIABLE = YES;
				IPHONEOS_DEPLOYMENT_TARGET = 11.2;
				MTL_ENABLE_DEBUG_INFO = NO;
				SDKROOT = iphoneos;
				SWIFT_OPTIMIZATION_LEVEL = "-Owholemodule";
				VALIDATE_PRODUCT = YES;
			};
			name = Release;
		};
		8E1C860C20C6E00900124024 /* Debug */ = {
			isa = XCBuildConfiguration;
			buildSettings = {
				ASSETCATALOG_COMPILER_APPICON_NAME = AppIcon;
				CODE_SIGN_STYLE = Automatic;
				INFOPLIST_FILE = swiftcountup/Info.plist;
				LD_RUNPATH_SEARCH_PATHS = "$(inherited) @executable_path/Frameworks";
				PRODUCT_BUNDLE_IDENTIFIER = com.taniguchi.swiftcountup;
				PRODUCT_NAME = "$(TARGET_NAME)";
				SWIFT_VERSION = 4.0;
				TARGETED_DEVICE_FAMILY = "1,2";
			};
			name = Debug;
		};
		8E1C860D20C6E00900124024 /* Release */ = {
			isa = XCBuildConfiguration;
			buildSettings = {
				ASSETCATALOG_COMPILER_APPICON_NAME = AppIcon;
				CODE_SIGN_STYLE = Automatic;
				INFOPLIST_FILE = swiftcountup/Info.plist;
				LD_RUNPATH_SEARCH_PATHS = "$(inherited) @executable_path/Frameworks";
				PRODUCT_BUNDLE_IDENTIFIER = com.taniguchi.swiftcountup;
				PRODUCT_NAME = "$(TARGET_NAME)";
				SWIFT_VERSION = 4.0;
				TARGETED_DEVICE_FAMILY = "1,2";
			};
			name = Release;
		};
		8E1C860F20C6E00900124024 /* Debug */ = {
			isa = XCBuildConfiguration;
			buildSettings = {
				ALWAYS_EMBED_SWIFT_STANDARD_LIBRARIES = YES;
				BUNDLE_LOADER = "$(TEST_HOST)";
				CODE_SIGN_STYLE = Automatic;
				INFOPLIST_FILE = swiftcountupTests/Info.plist;
				LD_RUNPATH_SEARCH_PATHS = "$(inherited) @executable_path/Frameworks @loader_path/Frameworks";
				PRODUCT_BUNDLE_IDENTIFIER = com.taniguchi.swiftcountupTests;
				PRODUCT_NAME = "$(TARGET_NAME)";
				SWIFT_VERSION = 4.0;
				TARGETED_DEVICE_FAMILY = "1,2";
				TEST_HOST = "$(BUILT_PRODUCTS_DIR)/swiftcountup.app/swiftcountup";
			};
			name = Debug;
		};
		8E1C861020C6E00900124024 /* Release */ = {
			isa = XCBuildConfiguration;
			buildSettings = {
				ALWAYS_EMBED_SWIFT_STANDARD_LIBRARIES = YES;
				BUNDLE_LOADER = "$(TEST_HOST)";
				CODE_SIGN_STYLE = Automatic;
				INFOPLIST_FILE = swiftcountupTests/Info.plist;
				LD_RUNPATH_SEARCH_PATHS = "$(inherited) @executable_path/Frameworks @loader_path/Frameworks";
				PRODUCT_BUNDLE_IDENTIFIER = com.taniguchi.swiftcountupTests;
				PRODUCT_NAME = "$(TARGET_NAME)";
				SWIFT_VERSION = 4.0;
				TARGETED_DEVICE_FAMILY = "1,2";
				TEST_HOST = "$(BUILT_PRODUCTS_DIR)/swiftcountup.app/swiftcountup";
			};
			name = Release;
		};
		8E1C861220C6E00900124024 /* Debug */ = {
			isa = XCBuildConfiguration;
			buildSettings = {
				ALWAYS_EMBED_SWIFT_STANDARD_LIBRARIES = YES;
				CODE_SIGN_STYLE = Automatic;
				INFOPLIST_FILE = swiftcountupUITests/Info.plist;
				LD_RUNPATH_SEARCH_PATHS = "$(inherited) @executable_path/Frameworks @loader_path/Frameworks";
				PRODUCT_BUNDLE_IDENTIFIER = com.taniguchi.swiftcountupUITests;
				PRODUCT_NAME = "$(TARGET_NAME)";
				SWIFT_VERSION = 4.0;
				TARGETED_DEVICE_FAMILY = "1,2";
				TEST_TARGET_NAME = swiftcountup;
			};
			name = Debug;
		};
		8E1C861320C6E00900124024 /* Release */ = {
			isa = XCBuildConfiguration;
			buildSettings = {
				ALWAYS_EMBED_SWIFT_STANDARD_LIBRARIES = YES;
				CODE_SIGN_STYLE = Automatic;
				INFOPLIST_FILE = swiftcountupUITests/Info.plist;
				LD_RUNPATH_SEARCH_PATHS = "$(inherited) @executable_path/Frameworks @loader_path/Frameworks";
				PRODUCT_BUNDLE_IDENTIFIER = com.taniguchi.swiftcountupUITests;
				PRODUCT_NAME = "$(TARGET_NAME)";
				SWIFT_VERSION = 4.0;
				TARGETED_DEVICE_FAMILY = "1,2";
				TEST_TARGET_NAME = swiftcountup;
			};
			name = Release;
		};
/* End XCBuildConfiguration section */

/* Begin XCConfigurationList section */
		8E1C85DE20C6E00900124024 /* Build configuration list for PBXProject "swiftcountup" */ = {
			isa = XCConfigurationList;
			buildConfigurations = (
				8E1C860920C6E00900124024 /* Debug */,
				8E1C860A20C6E00900124024 /* Release */,
			);
			defaultConfigurationIsVisible = 0;
			defaultConfigurationName = Release;
		};
		8E1C860B20C6E00900124024 /* Build configuration list for PBXNativeTarget "swiftcountup" */ = {
			isa = XCConfigurationList;
			buildConfigurations = (
				8E1C860C20C6E00900124024 /* Debug */,
				8E1C860D20C6E00900124024 /* Release */,
			);
			defaultConfigurationIsVisible = 0;
			defaultConfigurationName = Release;
		};
		8E1C860E20C6E00900124024 /* Build configuration list for PBXNativeTarget "swiftcountupTests" */ = {
			isa = XCConfigurationList;
			buildConfigurations = (
				8E1C860F20C6E00900124024 /* Debug */,
				8E1C861020C6E00900124024 /* Release */,
			);
			defaultConfigurationIsVisible = 0;
			defaultConfigurationName = Release;
		};
		8E1C861120C6E00900124024 /* Build configuration list for PBXNativeTarget "swiftcountupUITests" */ = {
			isa = XCConfigurationList;
			buildConfigurations = (
				8E1C861220C6E00900124024 /* Debug */,
				8E1C861320C6E00900124024 /* Release */,
			);
			defaultConfigurationIsVisible = 0;
			defaultConfigurationName = Release;
		};
/* End XCConfigurationList section */
	};
	rootObject = 8E1C85DB20C6E00900124024 /* Project object */;
}
